
Microsoft Visual Studio Solution File, Format Version 12.00
# Visual Studio Version 16
VisualStudioVersion = 16.0.30114.105
MinimumVisualStudioVersion = 10.0.40219.1
Project("{FAE04EC0-301F-11D3-BF4B-00C04F79EFBC}") = "bigschools", "bigschools\bigschools.csproj", "{6C862041-7505-4CF3-83D5-B9F336750DB6}"
EndProject
Global
	GlobalSection(SolutionConfigurationPlatforms) = preSolution
		Debug|Any CPU = Debug|Any CPU
		Release|Any CPU = Release|Any CPU
	EndGlobalSection
	GlobalSection(ProjectConfigurationPlatforms) = postSolution
		{6C862041-7505-4CF3-83D5-B9F336750DB6}.Debug|Any CPU.ActiveCfg = Debug|Any CPU
		{6C862041-7505-4CF3-83D5-B9F336750DB6}.Debug|Any CPU.Build.0 = Debug|Any CPU
		{6C862041-7505-4CF3-83D5-B9F336750DB6}.Release|Any CPU.ActiveCfg = Release|Any CPU
		{6C862041-7505-4CF3-83D5-B9F336750DB6}.Release|Any CPU.Build.0 = Release|Any CPU
	EndGlobalSection
	GlobalSection(SolutionProperties) = preSolution
		HideSolutionNode = FALSE
	EndGlobalSection
	GlobalSection(ExtensibilityGlobals) = postSolution
		SolutionGuid = {5ED29256-0138-435D-BD3D-48C91921D421}
	EndGlobalSection
EndGlobal
